// !$*UTF8*$!
{
	archiveVersion = 1;
	classes = {
	};
	objectVersion = 50;
	objects = {

/* Begin PBXBuildFile section */
		12A5E2C06554EECAA8270CD0 /* Pods_EmployeeListTests.framework in Frameworks */ = {isa = PBXBuildFile; fileRef = 98A04869C5724D9A9B383AC0 /* Pods_EmployeeListTests.framework */; };
		4A24282C39BBC7E1BAA148F5 /* Pods_EmployeeListUITests.framework in Frameworks */ = {isa = PBXBuildFile; fileRef = 075F7532C9BB0A1A57573263 /* Pods_EmployeeListUITests.framework */; };
		75A86B1822D5453400663BFD /* AppDelegate.swift in Sources */ = {isa = PBXBuildFile; fileRef = 75A86B1722D5453400663BFD /* AppDelegate.swift */; };
		75A86B1A22D5453400663BFD /* EmployeeListTableViewController.swift in Sources */ = {isa = PBXBuildFile; fileRef = 75A86B1922D5453400663BFD /* EmployeeListTableViewController.swift */; };
		75A86B1F22D5453700663BFD /* Assets.xcassets in Resources */ = {isa = PBXBuildFile; fileRef = 75A86B1E22D5453700663BFD /* Assets.xcassets */; };
		75A86B2D22D5453700663BFD /* EmployeeListTests.swift in Sources */ = {isa = PBXBuildFile; fileRef = 75A86B2C22D5453700663BFD /* EmployeeListTests.swift */; };
		75A86B3822D5453800663BFD /* EmployeeListUITests.swift in Sources */ = {isa = PBXBuildFile; fileRef = 75A86B3722D5453800663BFD /* EmployeeListUITests.swift */; };
		75A86B4622D547D000663BFD /* EmployeeInfo.swift in Sources */ = {isa = PBXBuildFile; fileRef = 75A86B4522D547D000663BFD /* EmployeeInfo.swift */; };
		75A86B4822D5483600663BFD /* EmployeeInfoCell.swift in Sources */ = {isa = PBXBuildFile; fileRef = 75A86B4722D5483600663BFD /* EmployeeInfoCell.swift */; };
		75A86B4A22D54F1000663BFD /* EmployeeInfoService.swift in Sources */ = {isa = PBXBuildFile; fileRef = 75A86B4922D54F1000663BFD /* EmployeeInfoService.swift */; };
		75A86B4F22D556BB00663BFD /* URLRequestConvertiable.swift in Sources */ = {isa = PBXBuildFile; fileRef = 75A86B4E22D556BB00663BFD /* URLRequestConvertiable.swift */; };
		75A86B5122D556C800663BFD /* Router.swift in Sources */ = {isa = PBXBuildFile; fileRef = 75A86B5022D556C800663BFD /* Router.swift */; };
		75A86B5322D556EE00663BFD /* EmployeeInfoEndpoint.swift in Sources */ = {isa = PBXBuildFile; fileRef = 75A86B5222D556EE00663BFD /* EmployeeInfoEndpoint.swift */; };
		75A86B5522D559BD00663BFD /* NetworkLogger.swift in Sources */ = {isa = PBXBuildFile; fileRef = 75A86B5422D559BD00663BFD /* NetworkLogger.swift */; };
		75A86B5822D55F9300663BFD /* URLParameterEncoder.swift in Sources */ = {isa = PBXBuildFile; fileRef = 75A86B5722D55F9300663BFD /* URLParameterEncoder.swift */; };
		75A86B5B22D565E900663BFD /* EmployeeInfoResponse.swift in Sources */ = {isa = PBXBuildFile; fileRef = 75A86B5A22D565E900663BFD /* EmployeeInfoResponse.swift */; };
		75A86B5D22D5B41C00663BFD /* NSAttributedString+Extensions.swift in Sources */ = {isa = PBXBuildFile; fileRef = 75A86B5C22D5B41C00663BFD /* NSAttributedString+Extensions.swift */; };
		75A86B6022D5B7CE00663BFD /* NSParagraphStyle+Extensions.swift in Sources */ = {isa = PBXBuildFile; fileRef = 75A86B5F22D5B7CE00663BFD /* NSParagraphStyle+Extensions.swift */; };
		75A86B6222D5B8FB00663BFD /* NSShadow+Extensions.swift in Sources */ = {isa = PBXBuildFile; fileRef = 75A86B6122D5B8FB00663BFD /* NSShadow+Extensions.swift */; };
		75A86B6422D5BA2600663BFD /* UIFont+Extensions.swift in Sources */ = {isa = PBXBuildFile; fileRef = 75A86B6322D5BA2600663BFD /* UIFont+Extensions.swift */; };
		75A86B6922D5D04800663BFD /* PhotoService.swift in Sources */ = {isa = PBXBuildFile; fileRef = 75A86B6822D5D04800663BFD /* PhotoService.swift */; };
		75A86B6B22D5D06E00663BFD /* PhotoDataProvider.swift in Sources */ = {isa = PBXBuildFile; fileRef = 75A86B6A22D5D06E00663BFD /* PhotoDataProvider.swift */; };
		75A86B6E22D5D09900663BFD /* EmployeeDataProvider.swift in Sources */ = {isa = PBXBuildFile; fileRef = 75A86B6D22D5D09900663BFD /* EmployeeDataProvider.swift */; };
		75A86B7822D6B5B000663BFD /* UIImage+FileManager.swift in Sources */ = {isa = PBXBuildFile; fileRef = 75A86B7722D6B5B000663BFD /* UIImage+FileManager.swift */; };
		75A86B7A22D7214B00663BFD /* NetworkResponseValidatable.swift in Sources */ = {isa = PBXBuildFile; fileRef = 75A86B7922D7214A00663BFD /* NetworkResponseValidatable.swift */; };
		75A86B7E22D7E10600663BFD /* ModelStateValidatable.swift in Sources */ = {isa = PBXBuildFile; fileRef = 75A86B7D22D7E10600663BFD /* ModelStateValidatable.swift */; };
		75A86B8022D812E700663BFD /* Array+EmployeeInfo.swift in Sources */ = {isa = PBXBuildFile; fileRef = 75A86B7F22D812E700663BFD /* Array+EmployeeInfo.swift */; };
		75A86B8222DB07CD00663BFD /* String+MD5.swift in Sources */ = {isa = PBXBuildFile; fileRef = 75A86B8122DB07CD00663BFD /* String+MD5.swift */; };
		75CF077A22DC5AFA006D6711 /* EmployeeList.json in Resources */ = {isa = PBXBuildFile; fileRef = 75CF077822DC5611006D6711 /* EmployeeList.json */; };
		B8F985591CDE11CD5969EC09 /* Pods_EmployeeList.framework in Frameworks */ = {isa = PBXBuildFile; fileRef = 2AA10A5C926C0AB72A1BD129 /* Pods_EmployeeList.framework */; };
/* End PBXBuildFile section */

/* Begin PBXContainerItemProxy section */
		75A86B2922D5453700663BFD /* PBXContainerItemProxy */ = {
			isa = PBXContainerItemProxy;
			containerPortal = 75A86B0C22D5453400663BFD /* Project object */;
			proxyType = 1;
			remoteGlobalIDString = 75A86B1322D5453400663BFD;
			remoteInfo = EmployeeList;
		};
		75A86B3422D5453800663BFD /* PBXContainerItemProxy */ = {
			isa = PBXContainerItemProxy;
			containerPortal = 75A86B0C22D5453400663BFD /* Project object */;
			proxyType = 1;
			remoteGlobalIDString = 75A86B1322D5453400663BFD;
			remoteInfo = EmployeeList;
		};
/* End PBXContainerItemProxy section */

/* Begin PBXFileReference section */
		075F7532C9BB0A1A57573263 /* Pods_EmployeeListUITests.framework */ = {isa = PBXFileReference; explicitFileType = wrapper.framework; includeInIndex = 0; path = Pods_EmployeeListUITests.framework; sourceTree = BUILT_PRODUCTS_DIR; };
		235BF38FABB94A91A4AEF9B1 /* Pods-EmployeeListUITests.debug.xcconfig */ = {isa = PBXFileReference; includeInIndex = 1; lastKnownFileType = text.xcconfig; name = "Pods-EmployeeListUITests.debug.xcconfig"; path = "Pods/Target Support Files/Pods-EmployeeListUITests/Pods-EmployeeListUITests.debug.xcconfig"; sourceTree = "<group>"; };
		298BD25659CCC362CC84432E /* Pods-EmployeeList.debug.xcconfig */ = {isa = PBXFileReference; includeInIndex = 1; lastKnownFileType = text.xcconfig; name = "Pods-EmployeeList.debug.xcconfig"; path = "Pods/Target Support Files/Pods-EmployeeList/Pods-EmployeeList.debug.xcconfig"; sourceTree = "<group>"; };
		2AA10A5C926C0AB72A1BD129 /* Pods_EmployeeList.framework */ = {isa = PBXFileReference; explicitFileType = wrapper.framework; includeInIndex = 0; path = Pods_EmployeeList.framework; sourceTree = BUILT_PRODUCTS_DIR; };
		75A86B1422D5453400663BFD /* EmployeeList.app */ = {isa = PBXFileReference; explicitFileType = wrapper.application; includeInIndex = 0; path = EmployeeList.app; sourceTree = BUILT_PRODUCTS_DIR; };
		75A86B1722D5453400663BFD /* AppDelegate.swift */ = {isa = PBXFileReference; lastKnownFileType = sourcecode.swift; path = AppDelegate.swift; sourceTree = "<group>"; };
		75A86B1922D5453400663BFD /* EmployeeListTableViewController.swift */ = {isa = PBXFileReference; lastKnownFileType = sourcecode.swift; path = EmployeeListTableViewController.swift; sourceTree = "<group>"; };
		75A86B1E22D5453700663BFD /* Assets.xcassets */ = {isa = PBXFileReference; lastKnownFileType = folder.assetcatalog; path = Assets.xcassets; sourceTree = "<group>"; };
		75A86B2322D5453700663BFD /* Info.plist */ = {isa = PBXFileReference; lastKnownFileType = text.plist.xml; path = Info.plist; sourceTree = "<group>"; };
		75A86B2822D5453700663BFD /* EmployeeListTests.xctest */ = {isa = PBXFileReference; explicitFileType = wrapper.cfbundle; includeInIndex = 0; path = EmployeeListTests.xctest; sourceTree = BUILT_PRODUCTS_DIR; };
		75A86B2C22D5453700663BFD /* EmployeeListTests.swift */ = {isa = PBXFileReference; lastKnownFileType = sourcecode.swift; path = EmployeeListTests.swift; sourceTree = "<group>"; };
		75A86B2E22D5453700663BFD /* Info.plist */ = {isa = PBXFileReference; lastKnownFileType = text.plist.xml; path = Info.plist; sourceTree = "<group>"; };
		75A86B3322D5453800663BFD /* EmployeeListUITests.xctest */ = {isa = PBXFileReference; explicitFileType = wrapper.cfbundle; includeInIndex = 0; path = EmployeeListUITests.xctest; sourceTree = BUILT_PRODUCTS_DIR; };
		75A86B3722D5453800663BFD /* EmployeeListUITests.swift */ = {isa = PBXFileReference; lastKnownFileType = sourcecode.swift; path = EmployeeListUITests.swift; sourceTree = "<group>"; };
		75A86B3922D5453800663BFD /* Info.plist */ = {isa = PBXFileReference; lastKnownFileType = text.plist.xml; path = Info.plist; sourceTree = "<group>"; };
		75A86B4522D547D000663BFD /* EmployeeInfo.swift */ = {isa = PBXFileReference; lastKnownFileType = sourcecode.swift; path = EmployeeInfo.swift; sourceTree = "<group>"; };
		75A86B4722D5483600663BFD /* EmployeeInfoCell.swift */ = {isa = PBXFileReference; lastKnownFileType = sourcecode.swift; path = EmployeeInfoCell.swift; sourceTree = "<group>"; };
		75A86B4922D54F1000663BFD /* EmployeeInfoService.swift */ = {isa = PBXFileReference; lastKnownFileType = sourcecode.swift; path = EmployeeInfoService.swift; sourceTree = "<group>"; };
		75A86B4E22D556BB00663BFD /* URLRequestConvertiable.swift */ = {isa = PBXFileReference; lastKnownFileType = sourcecode.swift; path = URLRequestConvertiable.swift; sourceTree = "<group>"; };
		75A86B5022D556C800663BFD /* Router.swift */ = {isa = PBXFileReference; lastKnownFileType = sourcecode.swift; path = Router.swift; sourceTree = "<group>"; };
		75A86B5222D556EE00663BFD /* EmployeeInfoEndpoint.swift */ = {isa = PBXFileReference; lastKnownFileType = sourcecode.swift; path = EmployeeInfoEndpoint.swift; sourceTree = "<group>"; };
		75A86B5422D559BD00663BFD /* NetworkLogger.swift */ = {isa = PBXFileReference; lastKnownFileType = sourcecode.swift; path = NetworkLogger.swift; sourceTree = "<group>"; };
		75A86B5722D55F9300663BFD /* URLParameterEncoder.swift */ = {isa = PBXFileReference; lastKnownFileType = sourcecode.swift; path = URLParameterEncoder.swift; sourceTree = "<group>"; };
		75A86B5A22D565E900663BFD /* EmployeeInfoResponse.swift */ = {isa = PBXFileReference; lastKnownFileType = sourcecode.swift; path = EmployeeInfoResponse.swift; sourceTree = "<group>"; };
		75A86B5C22D5B41C00663BFD /* NSAttributedString+Extensions.swift */ = {isa = PBXFileReference; lastKnownFileType = sourcecode.swift; path = "NSAttributedString+Extensions.swift"; sourceTree = "<group>"; };
		75A86B5F22D5B7CE00663BFD /* NSParagraphStyle+Extensions.swift */ = {isa = PBXFileReference; lastKnownFileType = sourcecode.swift; path = "NSParagraphStyle+Extensions.swift"; sourceTree = "<group>"; };
		75A86B6122D5B8FB00663BFD /* NSShadow+Extensions.swift */ = {isa = PBXFileReference; lastKnownFileType = sourcecode.swift; path = "NSShadow+Extensions.swift"; sourceTree = "<group>"; };
		75A86B6322D5BA2600663BFD /* UIFont+Extensions.swift */ = {isa = PBXFileReference; lastKnownFileType = sourcecode.swift; path = "UIFont+Extensions.swift"; sourceTree = "<group>"; };
		75A86B6822D5D04800663BFD /* PhotoService.swift */ = {isa = PBXFileReference; lastKnownFileType = sourcecode.swift; path = PhotoService.swift; sourceTree = "<group>"; };
		75A86B6A22D5D06E00663BFD /* PhotoDataProvider.swift */ = {isa = PBXFileReference; lastKnownFileType = sourcecode.swift; path = PhotoDataProvider.swift; sourceTree = "<group>"; };
		75A86B6D22D5D09900663BFD /* EmployeeDataProvider.swift */ = {isa = PBXFileReference; lastKnownFileType = sourcecode.swift; path = EmployeeDataProvider.swift; sourceTree = "<group>"; };
		75A86B7122D658ED00663BFD /* EmployeeList-Bridging-Header.h */ = {isa = PBXFileReference; lastKnownFileType = sourcecode.c.h; path = "EmployeeList-Bridging-Header.h"; sourceTree = "<group>"; };
		75A86B7722D6B5B000663BFD /* UIImage+FileManager.swift */ = {isa = PBXFileReference; lastKnownFileType = sourcecode.swift; path = "UIImage+FileManager.swift"; sourceTree = "<group>"; };
		75A86B7922D7214A00663BFD /* NetworkResponseValidatable.swift */ = {isa = PBXFileReference; lastKnownFileType = sourcecode.swift; path = NetworkResponseValidatable.swift; sourceTree = "<group>"; };
		75A86B7D22D7E10600663BFD /* ModelStateValidatable.swift */ = {isa = PBXFileReference; lastKnownFileType = sourcecode.swift; path = ModelStateValidatable.swift; sourceTree = "<group>"; };
		75A86B7F22D812E700663BFD /* Array+EmployeeInfo.swift */ = {isa = PBXFileReference; lastKnownFileType = sourcecode.swift; path = "Array+EmployeeInfo.swift"; sourceTree = "<group>"; };
		75A86B8122DB07CD00663BFD /* String+MD5.swift */ = {isa = PBXFileReference; lastKnownFileType = sourcecode.swift; path = "String+MD5.swift"; sourceTree = "<group>"; };
		75CF077822DC5611006D6711 /* EmployeeList.json */ = {isa = PBXFileReference; lastKnownFileType = text.json; path = EmployeeList.json; sourceTree = "<group>"; };
		98A04869C5724D9A9B383AC0 /* Pods_EmployeeListTests.framework */ = {isa = PBXFileReference; explicitFileType = wrapper.framework; includeInIndex = 0; path = Pods_EmployeeListTests.framework; sourceTree = BUILT_PRODUCTS_DIR; };
		B4262D69BF967F8E371C6425 /* Pods-EmployeeListTests.release.xcconfig */ = {isa = PBXFileReference; includeInIndex = 1; lastKnownFileType = text.xcconfig; name = "Pods-EmployeeListTests.release.xcconfig"; path = "Pods/Target Support Files/Pods-EmployeeListTests/Pods-EmployeeListTests.release.xcconfig"; sourceTree = "<group>"; };
		EBC36A4AAEA3376B26AB54C9 /* Pods-EmployeeList.release.xcconfig */ = {isa = PBXFileReference; includeInIndex = 1; lastKnownFileType = text.xcconfig; name = "Pods-EmployeeList.release.xcconfig"; path = "Pods/Target Support Files/Pods-EmployeeList/Pods-EmployeeList.release.xcconfig"; sourceTree = "<group>"; };
		EDECB8D3F1081E14EE177D97 /* Pods-EmployeeListTests.debug.xcconfig */ = {isa = PBXFileReference; includeInIndex = 1; lastKnownFileType = text.xcconfig; name = "Pods-EmployeeListTests.debug.xcconfig"; path = "Pods/Target Support Files/Pods-EmployeeListTests/Pods-EmployeeListTests.debug.xcconfig"; sourceTree = "<group>"; };
		F54E0851B1755A389612E1C6 /* Pods-EmployeeListUITests.release.xcconfig */ = {isa = PBXFileReference; includeInIndex = 1; lastKnownFileType = text.xcconfig; name = "Pods-EmployeeListUITests.release.xcconfig"; path = "Pods/Target Support Files/Pods-EmployeeListUITests/Pods-EmployeeListUITests.release.xcconfig"; sourceTree = "<group>"; };
/* End PBXFileReference section */

/* Begin PBXFrameworksBuildPhase section */
		75A86B1122D5453400663BFD /* Frameworks */ = {
			isa = PBXFrameworksBuildPhase;
			buildActionMask = 2147483647;
			files = (
				B8F985591CDE11CD5969EC09 /* Pods_EmployeeList.framework in Frameworks */,
			);
			runOnlyForDeploymentPostprocessing = 0;
		};
		75A86B2522D5453700663BFD /* Frameworks */ = {
			isa = PBXFrameworksBuildPhase;
			buildActionMask = 2147483647;
			files = (
				12A5E2C06554EECAA8270CD0 /* Pods_EmployeeListTests.framework in Frameworks */,
			);
			runOnlyForDeploymentPostprocessing = 0;
		};
		75A86B3022D5453800663BFD /* Frameworks */ = {
			isa = PBXFrameworksBuildPhase;
			buildActionMask = 2147483647;
			files = (
				4A24282C39BBC7E1BAA148F5 /* Pods_EmployeeListUITests.framework in Frameworks */,
			);
			runOnlyForDeploymentPostprocessing = 0;
		};
/* End PBXFrameworksBuildPhase section */

/* Begin PBXGroup section */
		4054AC97A7B9A0443149F74A /* Pods */ = {
			isa = PBXGroup;
			children = (
				298BD25659CCC362CC84432E /* Pods-EmployeeList.debug.xcconfig */,
				EBC36A4AAEA3376B26AB54C9 /* Pods-EmployeeList.release.xcconfig */,
				EDECB8D3F1081E14EE177D97 /* Pods-EmployeeListTests.debug.xcconfig */,
				B4262D69BF967F8E371C6425 /* Pods-EmployeeListTests.release.xcconfig */,
				235BF38FABB94A91A4AEF9B1 /* Pods-EmployeeListUITests.debug.xcconfig */,
				F54E0851B1755A389612E1C6 /* Pods-EmployeeListUITests.release.xcconfig */,
			);
			name = Pods;
			sourceTree = "<group>";
		};
		75A86B0B22D5453400663BFD = {
			isa = PBXGroup;
			children = (
				75A86B1622D5453400663BFD /* EmployeeList */,
				75A86B2B22D5453700663BFD /* EmployeeListTests */,
				75A86B3622D5453800663BFD /* EmployeeListUITests */,
				75A86B1522D5453400663BFD /* Products */,
				4054AC97A7B9A0443149F74A /* Pods */,
				EB3C7125E55B97381939C1D8 /* Frameworks */,
			);
			sourceTree = "<group>";
		};
		75A86B1522D5453400663BFD /* Products */ = {
			isa = PBXGroup;
			children = (
				75A86B1422D5453400663BFD /* EmployeeList.app */,
				75A86B2822D5453700663BFD /* EmployeeListTests.xctest */,
				75A86B3322D5453800663BFD /* EmployeeListUITests.xctest */,
			);
			name = Products;
			sourceTree = "<group>";
		};
		75A86B1622D5453400663BFD /* EmployeeList */ = {
			isa = PBXGroup;
			children = (
				75A86B7522D658FF00663BFD /* Utils */,
				75A86B6F22D5D0CF00663BFD /* Delegates */,
				75A86B6722D5D02E00663BFD /* Cells */,
				75A86B6C22D5D08100663BFD /* DataProviders */,
				75A86B5E22D5B43B00663BFD /* Extensions */,
				75A86B4B22D5523A00663BFD /* Models */,
				75A86B4C22D5524D00663BFD /* NetworkServices */,
				75A86B7C22D7E0EB00663BFD /* Protocols */,
				75A86B4D22D5525D00663BFD /* ViewControllers */,
				75A86B7022D6508700663BFD /* Resource */,
				75A86B2322D5453700663BFD /* Info.plist */,
				75A86B7122D658ED00663BFD /* EmployeeList-Bridging-Header.h */,
				75A86B7622D6595D00663BFD /* Other */,
			);
			path = EmployeeList;
			sourceTree = "<group>";
		};
		75A86B2B22D5453700663BFD /* EmployeeListTests */ = {
			isa = PBXGroup;
			children = (
				75CF077822DC5611006D6711 /* EmployeeList.json */,
				75A86B2C22D5453700663BFD /* EmployeeListTests.swift */,
				75A86B2E22D5453700663BFD /* Info.plist */,
			);
			path = EmployeeListTests;
			sourceTree = "<group>";
		};
		75A86B3622D5453800663BFD /* EmployeeListUITests */ = {
			isa = PBXGroup;
			children = (
				75A86B3722D5453800663BFD /* EmployeeListUITests.swift */,
				75A86B3922D5453800663BFD /* Info.plist */,
			);
			path = EmployeeListUITests;
			sourceTree = "<group>";
		};
		75A86B4B22D5523A00663BFD /* Models */ = {
			isa = PBXGroup;
			children = (
				75A86B4522D547D000663BFD /* EmployeeInfo.swift */,
				75A86B5A22D565E900663BFD /* EmployeeInfoResponse.swift */,
			);
			path = Models;
			sourceTree = "<group>";
		};
		75A86B4C22D5524D00663BFD /* NetworkServices */ = {
			isa = PBXGroup;
			children = (
				75A86B7B22D7CC6A00663BFD /* PhotoService */,
				75A86B5922D565BC00663BFD /* EmployeeInfoService */,
				75A86B5622D55ABC00663BFD /* Router */,
			);
			path = NetworkServices;
			sourceTree = "<group>";
		};
		75A86B4D22D5525D00663BFD /* ViewControllers */ = {
			isa = PBXGroup;
			children = (
				75A86B1922D5453400663BFD /* EmployeeListTableViewController.swift */,
			);
			path = ViewControllers;
			sourceTree = "<group>";
		};
		75A86B5622D55ABC00663BFD /* Router */ = {
			isa = PBXGroup;
			children = (
				75A86B5022D556C800663BFD /* Router.swift */,
				75A86B5422D559BD00663BFD /* NetworkLogger.swift */,
				75A86B5722D55F9300663BFD /* URLParameterEncoder.swift */,
			);
			path = Router;
			sourceTree = "<group>";
		};
		75A86B5922D565BC00663BFD /* EmployeeInfoService */ = {
			isa = PBXGroup;
			children = (
				75A86B5222D556EE00663BFD /* EmployeeInfoEndpoint.swift */,
				75A86B4922D54F1000663BFD /* EmployeeInfoService.swift */,
			);
			path = EmployeeInfoService;
			sourceTree = "<group>";
		};
		75A86B5E22D5B43B00663BFD /* Extensions */ = {
			isa = PBXGroup;
			children = (
				75A86B5C22D5B41C00663BFD /* NSAttributedString+Extensions.swift */,
				75A86B5F22D5B7CE00663BFD /* NSParagraphStyle+Extensions.swift */,
				75A86B6122D5B8FB00663BFD /* NSShadow+Extensions.swift */,
				75A86B6322D5BA2600663BFD /* UIFont+Extensions.swift */,
				75A86B7F22D812E700663BFD /* Array+EmployeeInfo.swift */,
			);
			path = Extensions;
			sourceTree = "<group>";
		};
		75A86B6722D5D02E00663BFD /* Cells */ = {
			isa = PBXGroup;
			children = (
				75A86B4722D5483600663BFD /* EmployeeInfoCell.swift */,
			);
			path = Cells;
			sourceTree = "<group>";
		};
		75A86B6C22D5D08100663BFD /* DataProviders */ = {
			isa = PBXGroup;
			children = (
				75A86B6A22D5D06E00663BFD /* PhotoDataProvider.swift */,
				75A86B6D22D5D09900663BFD /* EmployeeDataProvider.swift */,
			);
			path = DataProviders;
			sourceTree = "<group>";
		};
		75A86B6F22D5D0CF00663BFD /* Delegates */ = {
			isa = PBXGroup;
			children = (
				75A86B1722D5453400663BFD /* AppDelegate.swift */,
			);
			path = Delegates;
			sourceTree = "<group>";
		};
		75A86B7022D6508700663BFD /* Resource */ = {
			isa = PBXGroup;
			children = (
				75A86B1E22D5453700663BFD /* Assets.xcassets */,
			);
			path = Resource;
			sourceTree = "<group>";
		};
		75A86B7522D658FF00663BFD /* Utils */ = {
			isa = PBXGroup;
			children = (
				75A86B7722D6B5B000663BFD /* UIImage+FileManager.swift */,
				75A86B8122DB07CD00663BFD /* String+MD5.swift */,
			);
			path = Utils;
			sourceTree = "<group>";
		};
		75A86B7622D6595D00663BFD /* Other */ = {
			isa = PBXGroup;
			children = (
			);
			path = Other;
			sourceTree = "<group>";
		};
		75A86B7B22D7CC6A00663BFD /* PhotoService */ = {
			isa = PBXGroup;
			children = (
				75A86B6822D5D04800663BFD /* PhotoService.swift */,
			);
			path = PhotoService;
			sourceTree = "<group>";
		};
		75A86B7C22D7E0EB00663BFD /* Protocols */ = {
			isa = PBXGroup;
			children = (
				75A86B4E22D556BB00663BFD /* URLRequestConvertiable.swift */,
				75A86B7922D7214A00663BFD /* NetworkResponseValidatable.swift */,
				75A86B7D22D7E10600663BFD /* ModelStateValidatable.swift */,
			);
			path = Protocols;
			sourceTree = "<group>";
		};
		EB3C7125E55B97381939C1D8 /* Frameworks */ = {
			isa = PBXGroup;
			children = (
				2AA10A5C926C0AB72A1BD129 /* Pods_EmployeeList.framework */,
				98A04869C5724D9A9B383AC0 /* Pods_EmployeeListTests.framework */,
				075F7532C9BB0A1A57573263 /* Pods_EmployeeListUITests.framework */,
			);
			name = Frameworks;
			sourceTree = "<group>";
		};
/* End PBXGroup section */

/* Begin PBXNativeTarget section */
		75A86B1322D5453400663BFD /* EmployeeList */ = {
			isa = PBXNativeTarget;
			buildConfigurationList = 75A86B3C22D5453800663BFD /* Build configuration list for PBXNativeTarget "EmployeeList" */;
			buildPhases = (
				629695B7FA93DC04A23B8481 /* [CP] Check Pods Manifest.lock */,
				75A86B1022D5453400663BFD /* Sources */,
				75A86B1122D5453400663BFD /* Frameworks */,
				75A86B1222D5453400663BFD /* Resources */,
			);
			buildRules = (
			);
			dependencies = (
			);
			name = EmployeeList;
			productName = EmployeeList;
			productReference = 75A86B1422D5453400663BFD /* EmployeeList.app */;
			productType = "com.apple.product-type.application";
		};
		75A86B2722D5453700663BFD /* EmployeeListTests */ = {
			isa = PBXNativeTarget;
			buildConfigurationList = 75A86B3F22D5453800663BFD /* Build configuration list for PBXNativeTarget "EmployeeListTests" */;
			buildPhases = (
				7D62F41C0BC180C16D97264E /* [CP] Check Pods Manifest.lock */,
				75A86B2422D5453700663BFD /* Sources */,
				75A86B2522D5453700663BFD /* Frameworks */,
				75A86B2622D5453700663BFD /* Resources */,
				B6CE2BE23732D5F66038B609 /* [CP] Embed Pods Frameworks */,
			);
			buildRules = (
			);
			dependencies = (
				75A86B2A22D5453700663BFD /* PBXTargetDependency */,
			);
			name = EmployeeListTests;
			productName = EmployeeListTests;
			productReference = 75A86B2822D5453700663BFD /* EmployeeListTests.xctest */;
			productType = "com.apple.product-type.bundle.unit-test";
		};
		75A86B3222D5453800663BFD /* EmployeeListUITests */ = {
			isa = PBXNativeTarget;
			buildConfigurationList = 75A86B4222D5453800663BFD /* Build configuration list for PBXNativeTarget "EmployeeListUITests" */;
			buildPhases = (
				05CD6601FC2EC8978DA2E8A5 /* [CP] Check Pods Manifest.lock */,
				75A86B2F22D5453800663BFD /* Sources */,
				75A86B3022D5453800663BFD /* Frameworks */,
				75A86B3122D5453800663BFD /* Resources */,
			);
			buildRules = (
			);
			dependencies = (
				75A86B3522D5453800663BFD /* PBXTargetDependency */,
			);
			name = EmployeeListUITests;
			productName = EmployeeListUITests;
			productReference = 75A86B3322D5453800663BFD /* EmployeeListUITests.xctest */;
			productType = "com.apple.product-type.bundle.ui-testing";
		};
/* End PBXNativeTarget section */

/* Begin PBXProject section */
		75A86B0C22D5453400663BFD /* Project object */ = {
			isa = PBXProject;
			attributes = {
				LastSwiftUpdateCheck = 1020;
				LastUpgradeCheck = 1020;
				ORGANIZATIONNAME = "Qi Zhan";
				TargetAttributes = {
					75A86B1322D5453400663BFD = {
						CreatedOnToolsVersion = 10.2.1;
						LastSwiftMigration = 1020;
					};
					75A86B2722D5453700663BFD = {
						CreatedOnToolsVersion = 10.2.1;
						TestTargetID = 75A86B1322D5453400663BFD;
					};
					75A86B3222D5453800663BFD = {
						CreatedOnToolsVersion = 10.2.1;
						TestTargetID = 75A86B1322D5453400663BFD;
					};
				};
			};
			buildConfigurationList = 75A86B0F22D5453400663BFD /* Build configuration list for PBXProject "EmployeeList" */;
			compatibilityVersion = "Xcode 9.3";
			developmentRegion = en;
			hasScannedForEncodings = 0;
			knownRegions = (
				en,
				Base,
			);
			mainGroup = 75A86B0B22D5453400663BFD;
			productRefGroup = 75A86B1522D5453400663BFD /* Products */;
			projectDirPath = "";
			projectRoot = "";
			targets = (
				75A86B1322D5453400663BFD /* EmployeeList */,
				75A86B2722D5453700663BFD /* EmployeeListTests */,
				75A86B3222D5453800663BFD /* EmployeeListUITests */,
			);
		};
/* End PBXProject section */

/* Begin PBXResourcesBuildPhase section */
		75A86B1222D5453400663BFD /* Resources */ = {
			isa = PBXResourcesBuildPhase;
			buildActionMask = 2147483647;
			files = (
				75A86B1F22D5453700663BFD /* Assets.xcassets in Resources */,
			);
			runOnlyForDeploymentPostprocessing = 0;
		};
		75A86B2622D5453700663BFD /* Resources */ = {
			isa = PBXResourcesBuildPhase;
			buildActionMask = 2147483647;
			files = (
				75CF077A22DC5AFA006D6711 /* EmployeeList.json in Resources */,
			);
			runOnlyForDeploymentPostprocessing = 0;
		};
		75A86B3122D5453800663BFD /* Resources */ = {
			isa = PBXResourcesBuildPhase;
			buildActionMask = 2147483647;
			files = (
			);
			runOnlyForDeploymentPostprocessing = 0;
		};
/* End PBXResourcesBuildPhase section */

/* Begin PBXShellScriptBuildPhase section */
		05CD6601FC2EC8978DA2E8A5 /* [CP] Check Pods Manifest.lock */ = {
			isa = PBXShellScriptBuildPhase;
			buildActionMask = 2147483647;
			files = (
			);
			inputPaths = (
				"${PODS_PODFILE_DIR_PATH}/Podfile.lock",
				"${PODS_ROOT}/Manifest.lock",
			);
			name = "[CP] Check Pods Manifest.lock";
			outputPaths = (
				"$(DERIVED_FILE_DIR)/Pods-EmployeeListUITests-checkManifestLockResult.txt",
			);
			runOnlyForDeploymentPostprocessing = 0;
			shellPath = /bin/sh;
			shellScript = "diff \"${PODS_PODFILE_DIR_PATH}/Podfile.lock\" \"${PODS_ROOT}/Manifest.lock\" > /dev/null\nif [ $? != 0 ] ; then\n    # print error to STDERR\n    echo \"error: The sandbox is not in sync with the Podfile.lock. Run 'pod install' or update your CocoaPods installation.\" >&2\n    exit 1\nfi\n# This output is used by Xcode 'outputs' to avoid re-running this script phase.\necho \"SUCCESS\" > \"${SCRIPT_OUTPUT_FILE_0}\"\n";
			showEnvVarsInLog = 0;
		};
		629695B7FA93DC04A23B8481 /* [CP] Check Pods Manifest.lock */ = {
			isa = PBXShellScriptBuildPhase;
			buildActionMask = 2147483647;
			files = (
			);
			inputPaths = (
				"${PODS_PODFILE_DIR_PATH}/Podfile.lock",
				"${PODS_ROOT}/Manifest.lock",
			);
			name = "[CP] Check Pods Manifest.lock";
			outputPaths = (
				"$(DERIVED_FILE_DIR)/Pods-EmployeeList-checkManifestLockResult.txt",
			);
			runOnlyForDeploymentPostprocessing = 0;
			shellPath = /bin/sh;
			shellScript = "diff \"${PODS_PODFILE_DIR_PATH}/Podfile.lock\" \"${PODS_ROOT}/Manifest.lock\" > /dev/null\nif [ $? != 0 ] ; then\n    # print error to STDERR\n    echo \"error: The sandbox is not in sync with the Podfile.lock. Run 'pod install' or update your CocoaPods installation.\" >&2\n    exit 1\nfi\n# This output is used by Xcode 'outputs' to avoid re-running this script phase.\necho \"SUCCESS\" > \"${SCRIPT_OUTPUT_FILE_0}\"\n";
			showEnvVarsInLog = 0;
		};
		7D62F41C0BC180C16D97264E /* [CP] Check Pods Manifest.lock */ = {
			isa = PBXShellScriptBuildPhase;
			buildActionMask = 2147483647;
			files = (
			);
			inputPaths = (
				"${PODS_PODFILE_DIR_PATH}/Podfile.lock",
				"${PODS_ROOT}/Manifest.lock",
			);
			name = "[CP] Check Pods Manifest.lock";
			outputPaths = (
				"$(DERIVED_FILE_DIR)/Pods-EmployeeListTests-checkManifestLockResult.txt",
			);
			runOnlyForDeploymentPostprocessing = 0;
			shellPath = /bin/sh;
			shellScript = "diff \"${PODS_PODFILE_DIR_PATH}/Podfile.lock\" \"${PODS_ROOT}/Manifest.lock\" > /dev/null\nif [ $? != 0 ] ; then\n    # print error to STDERR\n    echo \"error: The sandbox is not in sync with the Podfile.lock. Run 'pod install' or update your CocoaPods installation.\" >&2\n    exit 1\nfi\n# This output is used by Xcode 'outputs' to avoid re-running this script phase.\necho \"SUCCESS\" > \"${SCRIPT_OUTPUT_FILE_0}\"\n";
			showEnvVarsInLog = 0;
		};
		B6CE2BE23732D5F66038B609 /* [CP] Embed Pods Frameworks */ = {
			isa = PBXShellScriptBuildPhase;
			buildActionMask = 2147483647;
			files = (
			);
			inputPaths = (
				"${SRCROOT}/Pods/Target Support Files/Pods-EmployeeListTests/Pods-EmployeeListTests-frameworks.sh",
				"${BUILT_PRODUCTS_DIR}/Mockingjay/Mockingjay.framework",
				"${BUILT_PRODUCTS_DIR}/URITemplate/URITemplate.framework",
			);
			name = "[CP] Embed Pods Frameworks";
			outputPaths = (
				"${TARGET_BUILD_DIR}/${FRAMEWORKS_FOLDER_PATH}/Mockingjay.framework",
				"${TARGET_BUILD_DIR}/${FRAMEWORKS_FOLDER_PATH}/URITemplate.framework",
			);
			runOnlyForDeploymentPostprocessing = 0;
			shellPath = /bin/sh;
			shellScript = "\"${SRCROOT}/Pods/Target Support Files/Pods-EmployeeListTests/Pods-EmployeeListTests-frameworks.sh\"\n";
			showEnvVarsInLog = 0;
		};
/* End PBXShellScriptBuildPhase section */

/* Begin PBXSourcesBuildPhase section */
		75A86B1022D5453400663BFD /* Sources */ = {
			isa = PBXSourcesBuildPhase;
			buildActionMask = 2147483647;
			files = (
				75A86B5B22D565E900663BFD /* EmployeeInfoResponse.swift in Sources */,
				75A86B7E22D7E10600663BFD /* ModelStateValidatable.swift in Sources */,
				75A86B4F22D556BB00663BFD /* URLRequestConvertiable.swift in Sources */,
				75A86B4622D547D000663BFD /* EmployeeInfo.swift in Sources */,
				75A86B5322D556EE00663BFD /* EmployeeInfoEndpoint.swift in Sources */,
				75A86B5D22D5B41C00663BFD /* NSAttributedString+Extensions.swift in Sources */,
				75A86B4A22D54F1000663BFD /* EmployeeInfoService.swift in Sources */,
				75A86B6222D5B8FB00663BFD /* NSShadow+Extensions.swift in Sources */,
				75A86B5122D556C800663BFD /* Router.swift in Sources */,
				75A86B6022D5B7CE00663BFD /* NSParagraphStyle+Extensions.swift in Sources */,
				75A86B8222DB07CD00663BFD /* String+MD5.swift in Sources */,
				75A86B4822D5483600663BFD /* EmployeeInfoCell.swift in Sources */,
				75A86B5522D559BD00663BFD /* NetworkLogger.swift in Sources */,
				75A86B6E22D5D09900663BFD /* EmployeeDataProvider.swift in Sources */,
				75A86B1A22D5453400663BFD /* EmployeeListTableViewController.swift in Sources */,
				75A86B5822D55F9300663BFD /* URLParameterEncoder.swift in Sources */,
				75A86B8022D812E700663BFD /* Array+EmployeeInfo.swift in Sources */,
				75A86B7822D6B5B000663BFD /* UIImage+FileManager.swift in Sources */,
				75A86B7A22D7214B00663BFD /* NetworkResponseValidatable.swift in Sources */,
				75A86B6922D5D04800663BFD /* PhotoService.swift in Sources */,
				75A86B6422D5BA2600663BFD /* UIFont+Extensions.swift in Sources */,
				75A86B6B22D5D06E00663BFD /* PhotoDataProvider.swift in Sources */,
				75A86B1822D5453400663BFD /* AppDelegate.swift in Sources */,
			);
			runOnlyForDeploymentPostprocessing = 0;
		};
		75A86B2422D5453700663BFD /* Sources */ = {
			isa = PBXSourcesBuildPhase;
			buildActionMask = 2147483647;
			files = (
				75A86B2D22D5453700663BFD /* EmployeeListTests.swift in Sources */,
			);
			runOnlyForDeploymentPostprocessing = 0;
		};
		75A86B2F22D5453800663BFD /* Sources */ = {
			isa = PBXSourcesBuildPhase;
			buildActionMask = 2147483647;
			files = (
				75A86B3822D5453800663BFD /* EmployeeListUITests.swift in Sources */,
			);
			runOnlyForDeploymentPostprocessing = 0;
		};
/* End PBXSourcesBuildPhase section */

/* Begin PBXTargetDependency section */
		75A86B2A22D5453700663BFD /* PBXTargetDependency */ = {
			isa = PBXTargetDependency;
			target = 75A86B1322D5453400663BFD /* EmployeeList */;
			targetProxy = 75A86B2922D5453700663BFD /* PBXContainerItemProxy */;
		};
		75A86B3522D5453800663BFD /* PBXTargetDependency */ = {
			isa = PBXTargetDependency;
			target = 75A86B1322D5453400663BFD /* EmployeeList */;
			targetProxy = 75A86B3422D5453800663BFD /* PBXContainerItemProxy */;
		};
/* End PBXTargetDependency section */

/* Begin XCBuildConfiguration section */
		75A86B3A22D5453800663BFD /* Debug */ = {
			isa = XCBuildConfiguration;
			buildSettings = {
				ALWAYS_SEARCH_USER_PATHS = NO;
				CLANG_ANALYZER_NONNULL = YES;
				CLANG_ANALYZER_NUMBER_OBJECT_CONVERSION = YES_AGGRESSIVE;
				CLANG_CXX_LANGUAGE_STANDARD = "gnu++14";
				CLANG_CXX_LIBRARY = "libc++";
				CLANG_ENABLE_MODULES = YES;
				CLANG_ENABLE_OBJC_ARC = YES;
				CLANG_ENABLE_OBJC_WEAK = YES;
				CLANG_WARN_BLOCK_CAPTURE_AUTORELEASING = YES;
				CLANG_WARN_BOOL_CONVERSION = YES;
				CLANG_WARN_COMMA = YES;
				CLANG_WARN_CONSTANT_CONVERSION = YES;
				CLANG_WARN_DEPRECATED_OBJC_IMPLEMENTATIONS = YES;
				CLANG_WARN_DIRECT_OBJC_ISA_USAGE = YES_ERROR;
				CLANG_WARN_DOCUMENTATION_COMMENTS = YES;
				CLANG_WARN_EMPTY_BODY = YES;
				CLANG_WARN_ENUM_CONVERSION = YES;
				CLANG_WARN_INFINITE_RECURSION = YES;
				CLANG_WARN_INT_CONVERSION = YES;
				CLANG_WARN_NON_LITERAL_NULL_CONVERSION = YES;
				CLANG_WARN_OBJC_IMPLICIT_RETAIN_SELF = YES;
				CLANG_WARN_OBJC_LITERAL_CONVERSION = YES;
				CLANG_WARN_OBJC_ROOT_CLASS = YES_ERROR;
				CLANG_WARN_RANGE_LOOP_ANALYSIS = YES;
				CLANG_WARN_STRICT_PROTOTYPES = YES;
				CLANG_WARN_SUSPICIOUS_MOVE = YES;
				CLANG_WARN_UNGUARDED_AVAILABILITY = YES_AGGRESSIVE;
				CLANG_WARN_UNREACHABLE_CODE = YES;
				CLANG_WARN__DUPLICATE_METHOD_MATCH = YES;
				CODE_SIGN_IDENTITY = "iPhone Developer";
				COPY_PHASE_STRIP = NO;
				DEBUG_INFORMATION_FORMAT = dwarf;
				ENABLE_STRICT_OBJC_MSGSEND = YES;
				ENABLE_TESTABILITY = YES;
				GCC_C_LANGUAGE_STANDARD = gnu11;
				GCC_DYNAMIC_NO_PIC = NO;
				GCC_NO_COMMON_BLOCKS = YES;
				GCC_OPTIMIZATION_LEVEL = 0;
				GCC_PREPROCESSOR_DEFINITIONS = (
					"DEBUG=1",
					"$(inherited)",
				);
				GCC_WARN_64_TO_32_BIT_CONVERSION = YES;
				GCC_WARN_ABOUT_RETURN_TYPE = YES_ERROR;
				GCC_WARN_UNDECLARED_SELECTOR = YES;
				GCC_WARN_UNINITIALIZED_AUTOS = YES_AGGRESSIVE;
				GCC_WARN_UNUSED_FUNCTION = YES;
				GCC_WARN_UNUSED_VARIABLE = YES;
				IPHONEOS_DEPLOYMENT_TARGET = 12.2;
				MTL_ENABLE_DEBUG_INFO = INCLUDE_SOURCE;
				MTL_FAST_MATH = YES;
				ONLY_ACTIVE_ARCH = YES;
				SDKROOT = iphoneos;
				SWIFT_ACTIVE_COMPILATION_CONDITIONS = DEBUG;
				SWIFT_OPTIMIZATION_LEVEL = "-Onone";
			};
			name = Debug;
		};
		75A86B3B22D5453800663BFD /* Release */ = {
			isa = XCBuildConfiguration;
			buildSettings = {
				ALWAYS_SEARCH_USER_PATHS = NO;
				CLANG_ANALYZER_NONNULL = YES;
				CLANG_ANALYZER_NUMBER_OBJECT_CONVERSION = YES_AGGRESSIVE;
				CLANG_CXX_LANGUAGE_STANDARD = "gnu++14";
				CLANG_CXX_LIBRARY = "libc++";
				CLANG_ENABLE_MODULES = YES;
				CLANG_ENABLE_OBJC_ARC = YES;
				CLANG_ENABLE_OBJC_WEAK = YES;
				CLANG_WARN_BLOCK_CAPTURE_AUTORELEASING = YES;
				CLANG_WARN_BOOL_CONVERSION = YES;
				CLANG_WARN_COMMA = YES;
				CLANG_WARN_CONSTANT_CONVERSION = YES;
				CLANG_WARN_DEPRECATED_OBJC_IMPLEMENTATIONS = YES;
				CLANG_WARN_DIRECT_OBJC_ISA_USAGE = YES_ERROR;
				CLANG_WARN_DOCUMENTATION_COMMENTS = YES;
				CLANG_WARN_EMPTY_BODY = YES;
				CLANG_WARN_ENUM_CONVERSION = YES;
				CLANG_WARN_INFINITE_RECURSION = YES;
				CLANG_WARN_INT_CONVERSION = YES;
				CLANG_WARN_NON_LITERAL_NULL_CONVERSION = YES;
				CLANG_WARN_OBJC_IMPLICIT_RETAIN_SELF = YES;
				CLANG_WARN_OBJC_LITERAL_CONVERSION = YES;
				CLANG_WARN_OBJC_ROOT_CLASS = YES_ERROR;
				CLANG_WARN_RANGE_LOOP_ANALYSIS = YES;
				CLANG_WARN_STRICT_PROTOTYPES = YES;
				CLANG_WARN_SUSPICIOUS_MOVE = YES;
				CLANG_WARN_UNGUARDED_AVAILABILITY = YES_AGGRESSIVE;
				CLANG_WARN_UNREACHABLE_CODE = YES;
				CLANG_WARN__DUPLICATE_METHOD_MATCH = YES;
				CODE_SIGN_IDENTITY = "iPhone Developer";
				COPY_PHASE_STRIP = NO;
				DEBUG_INFORMATION_FORMAT = "dwarf-with-dsym";
				ENABLE_NS_ASSERTIONS = NO;
				ENABLE_STRICT_OBJC_MSGSEND = YES;
				GCC_C_LANGUAGE_STANDARD = gnu11;
				GCC_NO_COMMON_BLOCKS = YES;
				GCC_WARN_64_TO_32_BIT_CONVERSION = YES;
				GCC_WARN_ABOUT_RETURN_TYPE = YES_ERROR;
				GCC_WARN_UNDECLARED_SELECTOR = YES;
				GCC_WARN_UNINITIALIZED_AUTOS = YES_AGGRESSIVE;
				GCC_WARN_UNUSED_FUNCTION = YES;
				GCC_WARN_UNUSED_VARIABLE = YES;
				IPHONEOS_DEPLOYMENT_TARGET = 12.2;
				MTL_ENABLE_DEBUG_INFO = NO;
				MTL_FAST_MATH = YES;
				SDKROOT = iphoneos;
				SWIFT_COMPILATION_MODE = wholemodule;
				SWIFT_OPTIMIZATION_LEVEL = "-O";
				VALIDATE_PRODUCT = YES;
			};
			name = Release;
		};
		75A86B3D22D5453800663BFD /* Debug */ = {
			isa = XCBuildConfiguration;
			baseConfigurationReference = 298BD25659CCC362CC84432E /* Pods-EmployeeList.debug.xcconfig */;
			buildSettings = {
				ASSETCATALOG_COMPILER_APPICON_NAME = AppIcon;
				CLANG_ENABLE_MODULES = YES;
				CODE_SIGN_STYLE = Automatic;
				DEVELOPMENT_TEAM = WHLVPA84MS;
				INFOPLIST_FILE = EmployeeList/Info.plist;
				LD_RUNPATH_SEARCH_PATHS = (
					"$(inherited)",
					"@executable_path/Frameworks",
				);
				PRODUCT_BUNDLE_IDENTIFIER = qi.EmployeeList;
				PRODUCT_NAME = "$(TARGET_NAME)";
				SWIFT_OBJC_BRIDGING_HEADER = "EmployeeList/EmployeeList-Bridging-Header.h";
				SWIFT_OPTIMIZATION_LEVEL = "-Onone";
				SWIFT_VERSION = 5.0;
				TARGETED_DEVICE_FAMILY = "1,2";
			};
			name = Debug;
		};
		75A86B3E22D5453800663BFD /* Release */ = {
			isa = XCBuildConfiguration;
			baseConfigurationReference = EBC36A4AAEA3376B26AB54C9 /* Pods-EmployeeList.release.xcconfig */;
			buildSettings = {
				ASSETCATALOG_COMPILER_APPICON_NAME = AppIcon;
				CLANG_ENABLE_MODULES = YES;
				CODE_SIGN_STYLE = Automatic;
				DEVELOPMENT_TEAM = WHLVPA84MS;
				INFOPLIST_FILE = EmployeeList/Info.plist;
				LD_RUNPATH_SEARCH_PATHS = (
					"$(inherited)",
					"@executable_path/Frameworks",
				);
				PRODUCT_BUNDLE_IDENTIFIER = qi.EmployeeList;
				PRODUCT_NAME = "$(TARGET_NAME)";
				SWIFT_OBJC_BRIDGING_HEADER = "EmployeeList/EmployeeList-Bridging-Header.h";
				SWIFT_VERSION = 5.0;
				TARGETED_DEVICE_FAMILY = "1,2";
			};
			name = Release;
		};
		75A86B4022D5453800663BFD /* Debug */ = {
			isa = XCBuildConfiguration;
			baseConfigurationReference = EDECB8D3F1081E14EE177D97 /* Pods-EmployeeListTests.debug.xcconfig */;
			buildSettings = {
				ALWAYS_EMBED_SWIFT_STANDARD_LIBRARIES = YES;
				BUNDLE_LOADER = "$(TEST_HOST)";
				CODE_SIGN_STYLE = Automatic;
				DEVELOPMENT_TEAM = WHLVPA84MS;
				INFOPLIST_FILE = EmployeeListTests/Info.plist;
				LD_RUNPATH_SEARCH_PATHS = (
					"$(inherited)",
					"@executable_path/Frameworks",
					"@loader_path/Frameworks",
				);
				PRODUCT_BUNDLE_IDENTIFIER = qi.EmployeeListTests;
				PRODUCT_NAME = "$(TARGET_NAME)";
				SWIFT_VERSION = 5.0;
				TARGETED_DEVICE_FAMILY = "1,2";
				TEST_HOST = "$(BUILT_PRODUCTS_DIR)/EmployeeList.app/EmployeeList";
			};
			name = Debug;
		};
		75A86B4122D5453800663BFD /* Release */ = {
			isa = XCBuildConfiguration;
			baseConfigurationReference = B4262D69BF967F8E371C6425 /* Pods-EmployeeListTests.release.xcconfig */;
			buildSettings = {
				ALWAYS_EMBED_SWIFT_STANDARD_LIBRARIES = YES;
				BUNDLE_LOADER = "$(TEST_HOST)";
				CODE_SIGN_STYLE = Automatic;
				DEVELOPMENT_TEAM = WHLVPA84MS;
				INFOPLIST_FILE = EmployeeListTests/Info.plist;
				LD_RUNPATH_SEARCH_PATHS = (
					"$(inherited)",
					"@executable_path/Frameworks",
					"@loader_path/Frameworks",
				);
				PRODUCT_BUNDLE_IDENTIFIER = qi.EmployeeListTests;
				PRODUCT_NAME = "$(TARGET_NAME)";
				SWIFT_VERSION = 5.0;
				TARGETED_DEVICE_FAMILY = "1,2";
				TEST_HOST = "$(BUILT_PRODUCTS_DIR)/EmployeeList.app/EmployeeList";
			};
			name = Release;
		};
		75A86B4322D5453800663BFD /* Debug */ = {
			isa = XCBuildConfiguration;
			baseConfigurationReference = 235BF38FABB94A91A4AEF9B1 /* Pods-EmployeeListUITests.debug.xcconfig */;
			buildSettings = {
				ALWAYS_EMBED_SWIFT_STANDARD_LIBRARIES = YES;
				CODE_SIGN_STYLE = Automatic;
				DEVELOPMENT_TEAM = WHLVPA84MS;
				INFOPLIST_FILE = EmployeeListUITests/Info.plist;
				LD_RUNPATH_SEARCH_PATHS = (
					"$(inherited)",
					"@executable_path/Frameworks",
					"@loader_path/Frameworks",
				);
				PRODUCT_BUNDLE_IDENTIFIER = qi.EmployeeListUITests;
				PRODUCT_NAME = "$(TARGET_NAME)";
				SWIFT_VERSION = 5.0;
				TARGETED_DEVICE_FAMILY = "1,2";
				TEST_TARGET_NAME = EmployeeList;
			};
			name = Debug;
		};
		75A86B4422D5453800663BFD /* Release */ = {
			isa = XCBuildConfiguration;
			baseConfigurationReference = F54E0851B1755A389612E1C6 /* Pods-EmployeeListUITests.release.xcconfig */;
			buildSettings = {
				ALWAYS_EMBED_SWIFT_STANDARD_LIBRARIES = YES;
				CODE_SIGN_STYLE = Automatic;
				DEVELOPMENT_TEAM = WHLVPA84MS;
				INFOPLIST_FILE = EmployeeListUITests/Info.plist;
				LD_RUNPATH_SEARCH_PATHS = (
					"$(inherited)",
					"@executable_path/Frameworks",
					"@loader_path/Frameworks",
				);
				PRODUCT_BUNDLE_IDENTIFIER = qi.EmployeeListUITests;
				PRODUCT_NAME = "$(TARGET_NAME)";
				SWIFT_VERSION = 5.0;
				TARGETED_DEVICE_FAMILY = "1,2";
				TEST_TARGET_NAME = EmployeeList;
			};
			name = Release;
		};
/* End XCBuildConfiguration section */

/* Begin XCConfigurationList section */
		75A86B0F22D5453400663BFD /* Build configuration list for PBXProject "EmployeeList" */ = {
			isa = XCConfigurationList;
			buildConfigurations = (
				75A86B3A22D5453800663BFD /* Debug */,
				75A86B3B22D5453800663BFD /* Release */,
			);
			defaultConfigurationIsVisible = 0;
			defaultConfigurationName = Release;
		};
		75A86B3C22D5453800663BFD /* Build configuration list for PBXNativeTarget "EmployeeList" */ = {
			isa = XCConfigurationList;
			buildConfigurations = (
				75A86B3D22D5453800663BFD /* Debug */,
				75A86B3E22D5453800663BFD /* Release */,
			);
			defaultConfigurationIsVisible = 0;
			defaultConfigurationName = Release;
		};
		75A86B3F22D5453800663BFD /* Build configuration list for PBXNativeTarget "EmployeeListTests" */ = {
			isa = XCConfigurationList;
			buildConfigurations = (
				75A86B4022D5453800663BFD /* Debug */,
				75A86B4122D5453800663BFD /* Release */,
			);
			defaultConfigurationIsVisible = 0;
			defaultConfigurationName = Release;
		};
		75A86B4222D5453800663BFD /* Build configuration list for PBXNativeTarget "EmployeeListUITests" */ = {
			isa = XCConfigurationList;
			buildConfigurations = (
				75A86B4322D5453800663BFD /* Debug */,
				75A86B4422D5453800663BFD /* Release */,
			);
			defaultConfigurationIsVisible = 0;
			defaultConfigurationName = Release;
		};
/* End XCConfigurationList section */
	};
	rootObject = 75A86B0C22D5453400663BFD /* Project object */;
}
