// !$*UTF8*$!
{
	archiveVersion = 1;
	classes = {
	};
	objectVersion = 50;
	objects = {

/* Begin PBXBuildFile section */
		75A86B1822D5453400663BFD /* AppDelegate.swift in Sources */ = {isa = PBXBuildFile; fileRef = 75A86B1722D5453400663BFD /* AppDelegate.swift */; };
		75A86B1A22D5453400663BFD /* ViewController.swift in Sources */ = {isa = PBXBuildFile; fileRef = 75A86B1922D5453400663BFD /* ViewController.swift */; };
		75A86B1D22D5453400663BFD /* Main.storyboard in Resources */ = {isa = PBXBuildFile; fileRef = 75A86B1B22D5453400663BFD /* Main.storyboard */; };
		75A86B1F22D5453700663BFD /* Assets.xcassets in Resources */ = {isa = PBXBuildFile; fileRef = 75A86B1E22D5453700663BFD /* Assets.xcassets */; };
		75A86B2222D5453700663BFD /* LaunchScreen.storyboard in Resources */ = {isa = PBXBuildFile; fileRef = 75A86B2022D5453700663BFD /* LaunchScreen.storyboard */; };
		75A86B2D22D5453700663BFD /* EmployeeListTests.swift in Sources */ = {isa = PBXBuildFile; fileRef = 75A86B2C22D5453700663BFD /* EmployeeListTests.swift */; };
		75A86B3822D5453800663BFD /* EmployeeListUITests.swift in Sources */ = {isa = PBXBuildFile; fileRef = 75A86B3722D5453800663BFD /* EmployeeListUITests.swift */; };
/* End PBXBuildFile section */

/* Begin PBXContainerItemProxy section */
		75A86B2922D5453700663BFD /* PBXContainerItemProxy */ = {
			isa = PBXContainerItemProxy;
			containerPortal = 75A86B0C22D5453400663BFD /* Project object */;
			proxyType = 1;
			remoteGlobalIDString = 75A86B1322D5453400663BFD;
			remoteInfo = EmployeeList;
		};
		75A86B3422D5453800663BFD /* PBXContainerItemProxy */ = {
			isa = PBXContainerItemProxy;
			containerPortal = 75A86B0C22D5453400663BFD /* Project object */;
			proxyType = 1;
			remoteGlobalIDString = 75A86B1322D5453400663BFD;
			remoteInfo = EmployeeList;
		};
/* End PBXContainerItemProxy section */

/* Begin PBXFileReference section */
		75A86B1422D5453400663BFD /* EmployeeList.app */ = {isa = PBXFileReference; explicitFileType = wrapper.application; includeInIndex = 0; path = EmployeeList.app; sourceTree = BUILT_PRODUCTS_DIR; };
		75A86B1722D5453400663BFD /* AppDelegate.swift */ = {isa = PBXFileReference; lastKnownFileType = sourcecode.swift; path = AppDelegate.swift; sourceTree = "<group>"; };
		75A86B1922D5453400663BFD /* ViewController.swift */ = {isa = PBXFileReference; lastKnownFileType = sourcecode.swift; path = ViewController.swift; sourceTree = "<group>"; };
		75A86B1C22D5453400663BFD /* Base */ = {isa = PBXFileReference; lastKnownFileType = file.storyboard; name = Base; path = Base.lproj/Main.storyboard; sourceTree = "<group>"; };
		75A86B1E22D5453700663BFD /* Assets.xcassets */ = {isa = PBXFileReference; lastKnownFileType = folder.assetcatalog; path = Assets.xcassets; sourceTree = "<group>"; };
		75A86B2122D5453700663BFD /* Base */ = {isa = PBXFileReference; lastKnownFileType = file.storyboard; name = Base; path = Base.lproj/LaunchScreen.storyboard; sourceTree = "<group>"; };
		75A86B2322D5453700663BFD /* Info.plist */ = {isa = PBXFileReference; lastKnownFileType = text.plist.xml; path = Info.plist; sourceTree = "<group>"; };
		75A86B2822D5453700663BFD /* EmployeeListTests.xctest */ = {isa = PBXFileReference; explicitFileType = wrapper.cfbundle; includeInIndex = 0; path = EmployeeListTests.xctest; sourceTree = BUILT_PRODUCTS_DIR; };
		75A86B2C22D5453700663BFD /* EmployeeListTests.swift */ = {isa = PBXFileReference; lastKnownFileType = sourcecode.swift; path = EmployeeListTests.swift; sourceTree = "<group>"; };
		75A86B2E22D5453700663BFD /* Info.plist */ = {isa = PBXFileReference; lastKnownFileType = text.plist.xml; path = Info.plist; sourceTree = "<group>"; };
		75A86B3322D5453800663BFD /* EmployeeListUITests.xctest */ = {isa = PBXFileReference; explicitFileType = wrapper.cfbundle; includeInIndex = 0; path = EmployeeListUITests.xctest; sourceTree = BUILT_PRODUCTS_DIR; };
		75A86B3722D5453800663BFD /* EmployeeListUITests.swift */ = {isa = PBXFileReference; lastKnownFileType = sourcecode.swift; path = EmployeeListUITests.swift; sourceTree = "<group>"; };
		75A86B3922D5453800663BFD /* Info.plist */ = {isa = PBXFileReference; lastKnownFileType = text.plist.xml; path = Info.plist; sourceTree = "<group>"; };
/* End PBXFileReference section */

/* Begin PBXFrameworksBuildPhase section */
		75A86B1122D5453400663BFD /* Frameworks */ = {
			isa = PBXFrameworksBuildPhase;
			buildActionMask = 2147483647;
			files = (
			);
			runOnlyForDeploymentPostprocessing = 0;
		};
		75A86B2522D5453700663BFD /* Frameworks */ = {
			isa = PBXFrameworksBuildPhase;
			buildActionMask = 2147483647;
			files = (
			);
			runOnlyForDeploymentPostprocessing = 0;
		};
		75A86B3022D5453800663BFD /* Frameworks */ = {
			isa = PBXFrameworksBuildPhase;
			buildActionMask = 2147483647;
			files = (
			);
			runOnlyForDeploymentPostprocessing = 0;
		};
/* End PBXFrameworksBuildPhase section */

/* Begin PBXGroup section */
		75A86B0B22D5453400663BFD = {
			isa = PBXGroup;
			children = (
				75A86B1622D5453400663BFD /* EmployeeList */,
				75A86B2B22D5453700663BFD /* EmployeeListTests */,
				75A86B3622D5453800663BFD /* EmployeeListUITests */,
				75A86B1522D5453400663BFD /* Products */,
			);
			sourceTree = "<group>";
		};
		75A86B1522D5453400663BFD /* Products */ = {
			isa = PBXGroup;
			children = (
				75A86B1422D5453400663BFD /* EmployeeList.app */,
				75A86B2822D5453700663BFD /* EmployeeListTests.xctest */,
				75A86B3322D5453800663BFD /* EmployeeListUITests.xctest */,
			);
			name = Products;
			sourceTree = "<group>";
		};
		75A86B1622D5453400663BFD /* EmployeeList */ = {
			isa = PBXGroup;
			children = (
				75A86B1722D5453400663BFD /* AppDelegate.swift */,
				75A86B1922D5453400663BFD /* ViewController.swift */,
				75A86B1B22D5453400663BFD /* Main.storyboard */,
				75A86B1E22D5453700663BFD /* Assets.xcassets */,
				75A86B2022D5453700663BFD /* LaunchScreen.storyboard */,
				75A86B2322D5453700663BFD /* Info.plist */,
			);
			path = EmployeeList;
			sourceTree = "<group>";
		};
		75A86B2B22D5453700663BFD /* EmployeeListTests */ = {
			isa = PBXGroup;
			children = (
				75A86B2C22D5453700663BFD /* EmployeeListTests.swift */,
				75A86B2E22D5453700663BFD /* Info.plist */,
			);
			path = EmployeeListTests;
			sourceTree = "<group>";
		};
		75A86B3622D5453800663BFD /* EmployeeListUITests */ = {
			isa = PBXGroup;
			children = (
				75A86B3722D5453800663BFD /* EmployeeListUITests.swift */,
				75A86B3922D5453800663BFD /* Info.plist */,
			);
			path = EmployeeListUITests;
			sourceTree = "<group>";
		};
/* End PBXGroup section */

/* Begin PBXNativeTarget section */
		75A86B1322D5453400663BFD /* EmployeeList */ = {
			isa = PBXNativeTarget;
			buildConfigurationList = 75A86B3C22D5453800663BFD /* Build configuration list for PBXNativeTarget "EmployeeList" */;
			buildPhases = (
				75A86B1022D5453400663BFD /* Sources */,
				75A86B1122D5453400663BFD /* Frameworks */,
				75A86B1222D5453400663BFD /* Resources */,
			);
			buildRules = (
			);
			dependencies = (
			);
			name = EmployeeList;
			productName = EmployeeList;
			productReference = 75A86B1422D5453400663BFD /* EmployeeList.app */;
			productType = "com.apple.product-type.application";
		};
		75A86B2722D5453700663BFD /* EmployeeListTests */ = {
			isa = PBXNativeTarget;
			buildConfigurationList = 75A86B3F22D5453800663BFD /* Build configuration list for PBXNativeTarget "EmployeeListTests" */;
			buildPhases = (
				75A86B2422D5453700663BFD /* Sources */,
				75A86B2522D5453700663BFD /* Frameworks */,
				75A86B2622D5453700663BFD /* Resources */,
			);
			buildRules = (
			);
			dependencies = (
				75A86B2A22D5453700663BFD /* PBXTargetDependency */,
			);
			name = EmployeeListTests;
			productName = EmployeeListTests;
			productReference = 75A86B2822D5453700663BFD /* EmployeeListTests.xctest */;
			productType = "com.apple.product-type.bundle.unit-test";
		};
		75A86B3222D5453800663BFD /* EmployeeListUITests */ = {
			isa = PBXNativeTarget;
			buildConfigurationList = 75A86B4222D5453800663BFD /* Build configuration list for PBXNativeTarget "EmployeeListUITests" */;
			buildPhases = (
				75A86B2F22D5453800663BFD /* Sources */,
				75A86B3022D5453800663BFD /* Frameworks */,
				75A86B3122D5453800663BFD /* Resources */,
			);
			buildRules = (
			);
			dependencies = (
				75A86B3522D5453800663BFD /* PBXTargetDependency */,
			);
			name = EmployeeListUITests;
			productName = EmployeeListUITests;
			productReference = 75A86B3322D5453800663BFD /* EmployeeListUITests.xctest */;
			productType = "com.apple.product-type.bundle.ui-testing";
		};
/* End PBXNativeTarget section */

/* Begin PBXProject section */
		75A86B0C22D5453400663BFD /* Project object */ = {
			isa = PBXProject;
			attributes = {
				LastSwiftUpdateCheck = 1020;
				LastUpgradeCheck = 1020;
				ORGANIZATIONNAME = "Qi Zhan";
				TargetAttributes = {
					75A86B1322D5453400663BFD = {
						CreatedOnToolsVersion = 10.2.1;
					};
					75A86B2722D5453700663BFD = {
						CreatedOnToolsVersion = 10.2.1;
						TestTargetID = 75A86B1322D5453400663BFD;
					};
					75A86B3222D5453800663BFD = {
						CreatedOnToolsVersion = 10.2.1;
						TestTargetID = 75A86B1322D5453400663BFD;
					};
				};
			};
			buildConfigurationList = 75A86B0F22D5453400663BFD /* Build configuration list for PBXProject "EmployeeList" */;
			compatibilityVersion = "Xcode 9.3";
			developmentRegion = en;
			hasScannedForEncodings = 0;
			knownRegions = (
				en,
				Base,
			);
			mainGroup = 75A86B0B22D5453400663BFD;
			productRefGroup = 75A86B1522D5453400663BFD /* Products */;
			projectDirPath = "";
			projectRoot = "";
			targets = (
				75A86B1322D5453400663BFD /* EmployeeList */,
				75A86B2722D5453700663BFD /* EmployeeListTests */,
				75A86B3222D5453800663BFD /* EmployeeListUITests */,
			);
		};
/* End PBXProject section */

/* Begin PBXResourcesBuildPhase section */
		75A86B1222D5453400663BFD /* Resources */ = {
			isa = PBXResourcesBuildPhase;
			buildActionMask = 2147483647;
			files = (
				75A86B2222D5453700663BFD /* LaunchScreen.storyboard in Resources */,
				75A86B1F22D5453700663BFD /* Assets.xcassets in Resources */,
				75A86B1D22D5453400663BFD /* Main.storyboard in Resources */,
			);
			runOnlyForDeploymentPostprocessing = 0;
		};
		75A86B2622D5453700663BFD /* Resources */ = {
			isa = PBXResourcesBuildPhase;
			buildActionMask = 2147483647;
			files = (
			);
			runOnlyForDeploymentPostprocessing = 0;
		};
		75A86B3122D5453800663BFD /* Resources */ = {
			isa = PBXResourcesBuildPhase;
			buildActionMask = 2147483647;
			files = (
			);
			runOnlyForDeploymentPostprocessing = 0;
		};
/* End PBXResourcesBuildPhase section */

/* Begin PBXSourcesBuildPhase section */
		75A86B1022D5453400663BFD /* Sources */ = {
			isa = PBXSourcesBuildPhase;
			buildActionMask = 2147483647;
			files = (
				75A86B1A22D5453400663BFD /* ViewController.swift in Sources */,
				75A86B1822D5453400663BFD /* AppDelegate.swift in Sources */,
			);
			runOnlyForDeploymentPostprocessing = 0;
		};
		75A86B2422D5453700663BFD /* Sources */ = {
			isa = PBXSourcesBuildPhase;
			buildActionMask = 2147483647;
			files = (
				75A86B2D22D5453700663BFD /* EmployeeListTests.swift in Sources */,
			);
			runOnlyForDeploymentPostprocessing = 0;
		};
		75A86B2F22D5453800663BFD /* Sources */ = {
			isa = PBXSourcesBuildPhase;
			buildActionMask = 2147483647;
			files = (
				75A86B3822D5453800663BFD /* EmployeeListUITests.swift in Sources */,
			);
			runOnlyForDeploymentPostprocessing = 0;
		};
/* End PBXSourcesBuildPhase section */

/* Begin PBXTargetDependency section */
		75A86B2A22D5453700663BFD /* PBXTargetDependency */ = {
			isa = PBXTargetDependency;
			target = 75A86B1322D5453400663BFD /* EmployeeList */;
			targetProxy = 75A86B2922D5453700663BFD /* PBXContainerItemProxy */;
		};
		75A86B3522D5453800663BFD /* PBXTargetDependency */ = {
			isa = PBXTargetDependency;
			target = 75A86B1322D5453400663BFD /* EmployeeList */;
			targetProxy = 75A86B3422D5453800663BFD /* PBXContainerItemProxy */;
		};
/* End PBXTargetDependency section */

/* Begin PBXVariantGroup section */
		75A86B1B22D5453400663BFD /* Main.storyboard */ = {
			isa = PBXVariantGroup;
			children = (
				75A86B1C22D5453400663BFD /* Base */,
			);
			name = Main.storyboard;
			sourceTree = "<group>";
		};
		75A86B2022D5453700663BFD /* LaunchScreen.storyboard */ = {
			isa = PBXVariantGroup;
			children = (
				75A86B2122D5453700663BFD /* Base */,
			);
			name = LaunchScreen.storyboard;
			sourceTree = "<group>";
		};
/* End PBXVariantGroup section */

/* Begin XCBuildConfiguration section */
		75A86B3A22D5453800663BFD /* Debug */ = {
			isa = XCBuildConfiguration;
			buildSettings = {
				ALWAYS_SEARCH_USER_PATHS = NO;
				CLANG_ANALYZER_NONNULL = YES;
				CLANG_ANALYZER_NUMBER_OBJECT_CONVERSION = YES_AGGRESSIVE;
				CLANG_CXX_LANGUAGE_STANDARD = "gnu++14";
				CLANG_CXX_LIBRARY = "libc++";
				CLANG_ENABLE_MODULES = YES;
				CLANG_ENABLE_OBJC_ARC = YES;
				CLANG_ENABLE_OBJC_WEAK = YES;
				CLANG_WARN_BLOCK_CAPTURE_AUTORELEASING = YES;
				CLANG_WARN_BOOL_CONVERSION = YES;
				CLANG_WARN_COMMA = YES;
				CLANG_WARN_CONSTANT_CONVERSION = YES;
				CLANG_WARN_DEPRECATED_OBJC_IMPLEMENTATIONS = YES;
				CLANG_WARN_DIRECT_OBJC_ISA_USAGE = YES_ERROR;
				CLANG_WARN_DOCUMENTATION_COMMENTS = YES;
				CLANG_WARN_EMPTY_BODY = YES;
				CLANG_WARN_ENUM_CONVERSION = YES;
				CLANG_WARN_INFINITE_RECURSION = YES;
				CLANG_WARN_INT_CONVERSION = YES;
				CLANG_WARN_NON_LITERAL_NULL_CONVERSION = YES;
				CLANG_WARN_OBJC_IMPLICIT_RETAIN_SELF = YES;
				CLANG_WARN_OBJC_LITERAL_CONVERSION = YES;
				CLANG_WARN_OBJC_ROOT_CLASS = YES_ERROR;
				CLANG_WARN_RANGE_LOOP_ANALYSIS = YES;
				CLANG_WARN_STRICT_PROTOTYPES = YES;
				CLANG_WARN_SUSPICIOUS_MOVE = YES;
				CLANG_WARN_UNGUARDED_AVAILABILITY = YES_AGGRESSIVE;
				CLANG_WARN_UNREACHABLE_CODE = YES;
				CLANG_WARN__DUPLICATE_METHOD_MATCH = YES;
				CODE_SIGN_IDENTITY = "iPhone Developer";
				COPY_PHASE_STRIP = NO;
				DEBUG_INFORMATION_FORMAT = dwarf;
				ENABLE_STRICT_OBJC_MSGSEND = YES;
				ENABLE_TESTABILITY = YES;
				GCC_C_LANGUAGE_STANDARD = gnu11;
				GCC_DYNAMIC_NO_PIC = NO;
				GCC_NO_COMMON_BLOCKS = YES;
				GCC_OPTIMIZATION_LEVEL = 0;
				GCC_PREPROCESSOR_DEFINITIONS = (
					"DEBUG=1",
					"$(inherited)",
				);
				GCC_WARN_64_TO_32_BIT_CONVERSION = YES;
				GCC_WARN_ABOUT_RETURN_TYPE = YES_ERROR;
				GCC_WARN_UNDECLARED_SELECTOR = YES;
				GCC_WARN_UNINITIALIZED_AUTOS = YES_AGGRESSIVE;
				GCC_WARN_UNUSED_FUNCTION = YES;
				GCC_WARN_UNUSED_VARIABLE = YES;
				IPHONEOS_DEPLOYMENT_TARGET = 12.2;
				MTL_ENABLE_DEBUG_INFO = INCLUDE_SOURCE;
				MTL_FAST_MATH = YES;
				ONLY_ACTIVE_ARCH = YES;
				SDKROOT = iphoneos;
				SWIFT_ACTIVE_COMPILATION_CONDITIONS = DEBUG;
				SWIFT_OPTIMIZATION_LEVEL = "-Onone";
			};
			name = Debug;
		};
		75A86B3B22D5453800663BFD /* Release */ = {
			isa = XCBuildConfiguration;
			buildSettings = {
				ALWAYS_SEARCH_USER_PATHS = NO;
				CLANG_ANALYZER_NONNULL = YES;
				CLANG_ANALYZER_NUMBER_OBJECT_CONVERSION = YES_AGGRESSIVE;
				CLANG_CXX_LANGUAGE_STANDARD = "gnu++14";
				CLANG_CXX_LIBRARY = "libc++";
				CLANG_ENABLE_MODULES = YES;
				CLANG_ENABLE_OBJC_ARC = YES;
				CLANG_ENABLE_OBJC_WEAK = YES;
				CLANG_WARN_BLOCK_CAPTURE_AUTORELEASING = YES;
				CLANG_WARN_BOOL_CONVERSION = YES;
				CLANG_WARN_COMMA = YES;
				CLANG_WARN_CONSTANT_CONVERSION = YES;
				CLANG_WARN_DEPRECATED_OBJC_IMPLEMENTATIONS = YES;
				CLANG_WARN_DIRECT_OBJC_ISA_USAGE = YES_ERROR;
				CLANG_WARN_DOCUMENTATION_COMMENTS = YES;
				CLANG_WARN_EMPTY_BODY = YES;
				CLANG_WARN_ENUM_CONVERSION = YES;
				CLANG_WARN_INFINITE_RECURSION = YES;
				CLANG_WARN_INT_CONVERSION = YES;
				CLANG_WARN_NON_LITERAL_NULL_CONVERSION = YES;
				CLANG_WARN_OBJC_IMPLICIT_RETAIN_SELF = YES;
				CLANG_WARN_OBJC_LITERAL_CONVERSION = YES;
				CLANG_WARN_OBJC_ROOT_CLASS = YES_ERROR;
				CLANG_WARN_RANGE_LOOP_ANALYSIS = YES;
				CLANG_WARN_STRICT_PROTOTYPES = YES;
				CLANG_WARN_SUSPICIOUS_MOVE = YES;
				CLANG_WARN_UNGUARDED_AVAILABILITY = YES_AGGRESSIVE;
				CLANG_WARN_UNREACHABLE_CODE = YES;
				CLANG_WARN__DUPLICATE_METHOD_MATCH = YES;
				CODE_SIGN_IDENTITY = "iPhone Developer";
				COPY_PHASE_STRIP = NO;
				DEBUG_INFORMATION_FORMAT = "dwarf-with-dsym";
				ENABLE_NS_ASSERTIONS = NO;
				ENABLE_STRICT_OBJC_MSGSEND = YES;
				GCC_C_LANGUAGE_STANDARD = gnu11;
				GCC_NO_COMMON_BLOCKS = YES;
				GCC_WARN_64_TO_32_BIT_CONVERSION = YES;
				GCC_WARN_ABOUT_RETURN_TYPE = YES_ERROR;
				GCC_WARN_UNDECLARED_SELECTOR = YES;
				GCC_WARN_UNINITIALIZED_AUTOS = YES_AGGRESSIVE;
				GCC_WARN_UNUSED_FUNCTION = YES;
				GCC_WARN_UNUSED_VARIABLE = YES;
				IPHONEOS_DEPLOYMENT_TARGET = 12.2;
				MTL_ENABLE_DEBUG_INFO = NO;
				MTL_FAST_MATH = YES;
				SDKROOT = iphoneos;
				SWIFT_COMPILATION_MODE = wholemodule;
				SWIFT_OPTIMIZATION_LEVEL = "-O";
				VALIDATE_PRODUCT = YES;
			};
			name = Release;
		};
		75A86B3D22D5453800663BFD /* Debug */ = {
			isa = XCBuildConfiguration;
			buildSettings = {
				ASSETCATALOG_COMPILER_APPICON_NAME = AppIcon;
				CODE_SIGN_STYLE = Automatic;
				DEVELOPMENT_TEAM = WHLVPA84MS;
				INFOPLIST_FILE = EmployeeList/Info.plist;
				LD_RUNPATH_SEARCH_PATHS = (
					"$(inherited)",
					"@executable_path/Frameworks",
				);
				PRODUCT_BUNDLE_IDENTIFIER = qi.EmployeeList;
				PRODUCT_NAME = "$(TARGET_NAME)";
				SWIFT_VERSION = 5.0;
				TARGETED_DEVICE_FAMILY = "1,2";
			};
			name = Debug;
		};
		75A86B3E22D5453800663BFD /* Release */ = {
			isa = XCBuildConfiguration;
			buildSettings = {
				ASSETCATALOG_COMPILER_APPICON_NAME = AppIcon;
				CODE_SIGN_STYLE = Automatic;
				DEVELOPMENT_TEAM = WHLVPA84MS;
				INFOPLIST_FILE = EmployeeList/Info.plist;
				LD_RUNPATH_SEARCH_PATHS = (
					"$(inherited)",
					"@executable_path/Frameworks",
				);
				PRODUCT_BUNDLE_IDENTIFIER = qi.EmployeeList;
				PRODUCT_NAME = "$(TARGET_NAME)";
				SWIFT_VERSION = 5.0;
				TARGETED_DEVICE_FAMILY = "1,2";
			};
			name = Release;
		};
		75A86B4022D5453800663BFD /* Debug */ = {
			isa = XCBuildConfiguration;
			buildSettings = {
				ALWAYS_EMBED_SWIFT_STANDARD_LIBRARIES = YES;
				BUNDLE_LOADER = "$(TEST_HOST)";
				CODE_SIGN_STYLE = Automatic;
				DEVELOPMENT_TEAM = WHLVPA84MS;
				INFOPLIST_FILE = EmployeeListTests/Info.plist;
				LD_RUNPATH_SEARCH_PATHS = (
					"$(inherited)",
					"@executable_path/Frameworks",
					"@loader_path/Frameworks",
				);
				PRODUCT_BUNDLE_IDENTIFIER = qi.EmployeeListTests;
				PRODUCT_NAME = "$(TARGET_NAME)";
				SWIFT_VERSION = 5.0;
				TARGETED_DEVICE_FAMILY = "1,2";
				TEST_HOST = "$(BUILT_PRODUCTS_DIR)/EmployeeList.app/EmployeeList";
			};
			name = Debug;
		};
		75A86B4122D5453800663BFD /* Release */ = {
			isa = XCBuildConfiguration;
			buildSettings = {
				ALWAYS_EMBED_SWIFT_STANDARD_LIBRARIES = YES;
				BUNDLE_LOADER = "$(TEST_HOST)";
				CODE_SIGN_STYLE = Automatic;
				DEVELOPMENT_TEAM = WHLVPA84MS;
				INFOPLIST_FILE = EmployeeListTests/Info.plist;
				LD_RUNPATH_SEARCH_PATHS = (
					"$(inherited)",
					"@executable_path/Frameworks",
					"@loader_path/Frameworks",
				);
				PRODUCT_BUNDLE_IDENTIFIER = qi.EmployeeListTests;
				PRODUCT_NAME = "$(TARGET_NAME)";
				SWIFT_VERSION = 5.0;
				TARGETED_DEVICE_FAMILY = "1,2";
				TEST_HOST = "$(BUILT_PRODUCTS_DIR)/EmployeeList.app/EmployeeList";
			};
			name = Release;
		};
		75A86B4322D5453800663BFD /* Debug */ = {
			isa = XCBuildConfiguration;
			buildSettings = {
				ALWAYS_EMBED_SWIFT_STANDARD_LIBRARIES = YES;
				CODE_SIGN_STYLE = Automatic;
				DEVELOPMENT_TEAM = WHLVPA84MS;
				INFOPLIST_FILE = EmployeeListUITests/Info.plist;
				LD_RUNPATH_SEARCH_PATHS = (
					"$(inherited)",
					"@executable_path/Frameworks",
					"@loader_path/Frameworks",
				);
				PRODUCT_BUNDLE_IDENTIFIER = qi.EmployeeListUITests;
				PRODUCT_NAME = "$(TARGET_NAME)";
				SWIFT_VERSION = 5.0;
				TARGETED_DEVICE_FAMILY = "1,2";
				TEST_TARGET_NAME = EmployeeList;
			};
			name = Debug;
		};
		75A86B4422D5453800663BFD /* Release */ = {
			isa = XCBuildConfiguration;
			buildSettings = {
				ALWAYS_EMBED_SWIFT_STANDARD_LIBRARIES = YES;
				CODE_SIGN_STYLE = Automatic;
				DEVELOPMENT_TEAM = WHLVPA84MS;
				INFOPLIST_FILE = EmployeeListUITests/Info.plist;
				LD_RUNPATH_SEARCH_PATHS = (
					"$(inherited)",
					"@executable_path/Frameworks",
					"@loader_path/Frameworks",
				);
				PRODUCT_BUNDLE_IDENTIFIER = qi.EmployeeListUITests;
				PRODUCT_NAME = "$(TARGET_NAME)";
				SWIFT_VERSION = 5.0;
				TARGETED_DEVICE_FAMILY = "1,2";
				TEST_TARGET_NAME = EmployeeList;
			};
			name = Release;
		};
/* End XCBuildConfiguration section */

/* Begin XCConfigurationList section */
		75A86B0F22D5453400663BFD /* Build configuration list for PBXProject "EmployeeList" */ = {
			isa = XCConfigurationList;
			buildConfigurations = (
				75A86B3A22D5453800663BFD /* Debug */,
				75A86B3B22D5453800663BFD /* Release */,
			);
			defaultConfigurationIsVisible = 0;
			defaultConfigurationName = Release;
		};
		75A86B3C22D5453800663BFD /* Build configuration list for PBXNativeTarget "EmployeeList" */ = {
			isa = XCConfigurationList;
			buildConfigurations = (
				75A86B3D22D5453800663BFD /* Debug */,
				75A86B3E22D5453800663BFD /* Release */,
			);
			defaultConfigurationIsVisible = 0;
			defaultConfigurationName = Release;
		};
		75A86B3F22D5453800663BFD /* Build configuration list for PBXNativeTarget "EmployeeListTests" */ = {
			isa = XCConfigurationList;
			buildConfigurations = (
				75A86B4022D5453800663BFD /* Debug */,
				75A86B4122D5453800663BFD /* Release */,
			);
			defaultConfigurationIsVisible = 0;
			defaultConfigurationName = Release;
		};
		75A86B4222D5453800663BFD /* Build configuration list for PBXNativeTarget "EmployeeListUITests" */ = {
			isa = XCConfigurationList;
			buildConfigurations = (
				75A86B4322D5453800663BFD /* Debug */,
				75A86B4422D5453800663BFD /* Release */,
			);
			defaultConfigurationIsVisible = 0;
			defaultConfigurationName = Release;
		};
/* End XCConfigurationList section */
	};
	rootObject = 75A86B0C22D5453400663BFD /* Project object */;
}
